
Microsoft Visual Studio Solution File, Format Version 12.00
Project("{FAE04EC0-301F-11D3-BF4B-00C04F79EFBC}") = "AuthService", "AuthService\AuthService.csproj", "{5A8F91E1-CAC1-4DED-8E32-625DA2256767}"
EndProject
Project("{FAE04EC0-301F-11D3-BF4B-00C04F79EFBC}") = "CommentService", "CommentService\CommentService.csproj", "{D5FC90A8-86D5-4D9A-9AE5-28D42B30FA71}"
EndProject
Project("{FAE04EC0-301F-11D3-BF4B-00C04F79EFBC}") = "PostService", "PostService\PostService.csproj", "{92FC73EA-BFCA-4A02-B46A-00E8309ED2D9}"
EndProject
Project("{FAE04EC0-301F-11D3-BF4B-00C04F79EFBC}") = "LikeService", "LikeService\LikeService.csproj", "{372757EC-917F-4801-A8BB-C7C847536FF7}"
EndProject
Project("{FAE04EC0-301F-11D3-BF4B-00C04F79EFBC}") = "UserService", "UserService\UserService.csproj", "{56F0B989-5873-49FE-8EAA-6CDDD6130103}"
EndProject
Project("{FAE04EC0-301F-11D3-BF4B-00C04F79EFBC}") = "TimelineService", "TimelineService\TimelineService.csproj", "{E57980F9-4825-4D70-9174-6D469F08AFD0}"
EndProject
Project("{2150E333-8FDC-42A3-9474-1A3956D46DE8}") = "Post", "Post", "{F0FF0190-0329-4B23-9FB5-9A24AB566ECE}"
EndProject
Project("{FAE04EC0-301F-11D3-BF4B-00C04F79EFBC}") = "PostApplication", "PostApplication\PostApplication.csproj", "{979523F7-9866-4400-9B51-7982C0FB1E3F}"
EndProject
Project("{FAE04EC0-301F-11D3-BF4B-00C04F79EFBC}") = "PostInfrastructure", "PostInfrastructure\PostInfrastructure.csproj", "{EE5B220D-A025-47DF-832E-B9ED44821EB5}"
EndProject
Project("{2150E333-8FDC-42A3-9474-1A3956D46DE8}") = "Comment", "Comment", "{383272D1-2EDD-40FC-9FF4-9534DDC4A54D}"
EndProject
Project("{2150E333-8FDC-42A3-9474-1A3956D46DE8}") = "Like", "Like", "{1B1F9A6A-DCE9-4E07-8177-79226020BA46}"
EndProject
Project("{2150E333-8FDC-42A3-9474-1A3956D46DE8}") = "Timeline", "Timeline", "{5E56212B-BCB6-4A3B-970F-B8D1B41746CF}"
EndProject
Project("{2150E333-8FDC-42A3-9474-1A3956D46DE8}") = "User", "User", "{A8A4AA1F-CB91-4435-8B63-3D5FF3C2CEBE}"
EndProject
Project("{FAE04EC0-301F-11D3-BF4B-00C04F79EFBC}") = "CommentApplication", "CommentApplication\CommentApplication.csproj", "{AE35CA91-9B6C-4CF9-86F3-030C6318E797}"
EndProject
Project("{FAE04EC0-301F-11D3-BF4B-00C04F79EFBC}") = "CommentInfrastructure", "CommentInfrastructure\CommentInfrastructure.csproj", "{0A2255FC-6F39-4969-BC01-217ED92B9466}"
EndProject
Project("{FAE04EC0-301F-11D3-BF4B-00C04F79EFBC}") = "LikeApplication", "LikeApplication\LikeApplication.csproj", "{ABC8A4E5-A82C-4485-B457-55F615992DF7}"
EndProject
Project("{FAE04EC0-301F-11D3-BF4B-00C04F79EFBC}") = "LikeInfrastructure", "LikeInfrastructure\LikeInfrastructure.csproj", "{2AFD00B2-B19D-4F59-933D-05F61B34BD74}"
EndProject
Project("{FAE04EC0-301F-11D3-BF4B-00C04F79EFBC}") = "TimelineApplication", "TimelineApplication\TimelineApplication.csproj", "{E08498E6-A97E-4639-BA2D-E53021622628}"
EndProject
Project("{FAE04EC0-301F-11D3-BF4B-00C04F79EFBC}") = "TimelineInfrastructure", "TimelineInfrastructure\TimelineInfrastructure.csproj", "{8A7076CE-C48A-44F6-9C09-BD49FAC159EE}"
EndProject
Project("{FAE04EC0-301F-11D3-BF4B-00C04F79EFBC}") = "UserApplication", "UserApplication\UserApplication.csproj", "{EC4CD4C2-2293-4C67-9C77-10A023B19433}"
EndProject
Project("{FAE04EC0-301F-11D3-BF4B-00C04F79EFBC}") = "UserInfrastructure", "UserInfrastructure\UserInfrastructure.csproj", "{7363AC06-C202-4830-AB5F-A3911A7CAA47}"
EndProject
Project("{FAE04EC0-301F-11D3-BF4B-00C04F79EFBC}") = "Domain", "Domain\Domain.csproj", "{99344734-F858-4208-8A4B-76760DD9EC84}"
EndProject
Global
	GlobalSection(SolutionConfigurationPlatforms) = preSolution
		Debug|Any CPU = Debug|Any CPU
		Release|Any CPU = Release|Any CPU
	EndGlobalSection
	GlobalSection(ProjectConfigurationPlatforms) = postSolution
		{5A8F91E1-CAC1-4DED-8E32-625DA2256767}.Debug|Any CPU.ActiveCfg = Debug|Any CPU
		{5A8F91E1-CAC1-4DED-8E32-625DA2256767}.Debug|Any CPU.Build.0 = Debug|Any CPU
		{5A8F91E1-CAC1-4DED-8E32-625DA2256767}.Release|Any CPU.ActiveCfg = Release|Any CPU
		{5A8F91E1-CAC1-4DED-8E32-625DA2256767}.Release|Any CPU.Build.0 = Release|Any CPU
		{D5FC90A8-86D5-4D9A-9AE5-28D42B30FA71}.Debug|Any CPU.ActiveCfg = Debug|Any CPU
		{D5FC90A8-86D5-4D9A-9AE5-28D42B30FA71}.Debug|Any CPU.Build.0 = Debug|Any CPU
		{D5FC90A8-86D5-4D9A-9AE5-28D42B30FA71}.Release|Any CPU.ActiveCfg = Release|Any CPU
		{D5FC90A8-86D5-4D9A-9AE5-28D42B30FA71}.Release|Any CPU.Build.0 = Release|Any CPU
		{92FC73EA-BFCA-4A02-B46A-00E8309ED2D9}.Debug|Any CPU.ActiveCfg = Debug|Any CPU
		{92FC73EA-BFCA-4A02-B46A-00E8309ED2D9}.Debug|Any CPU.Build.0 = Debug|Any CPU
		{92FC73EA-BFCA-4A02-B46A-00E8309ED2D9}.Release|Any CPU.ActiveCfg = Release|Any CPU
		{92FC73EA-BFCA-4A02-B46A-00E8309ED2D9}.Release|Any CPU.Build.0 = Release|Any CPU
		{372757EC-917F-4801-A8BB-C7C847536FF7}.Debug|Any CPU.ActiveCfg = Debug|Any CPU
		{372757EC-917F-4801-A8BB-C7C847536FF7}.Debug|Any CPU.Build.0 = Debug|Any CPU
		{372757EC-917F-4801-A8BB-C7C847536FF7}.Release|Any CPU.ActiveCfg = Release|Any CPU
		{372757EC-917F-4801-A8BB-C7C847536FF7}.Release|Any CPU.Build.0 = Release|Any CPU
		{56F0B989-5873-49FE-8EAA-6CDDD6130103}.Debug|Any CPU.ActiveCfg = Debug|Any CPU
		{56F0B989-5873-49FE-8EAA-6CDDD6130103}.Debug|Any CPU.Build.0 = Debug|Any CPU
		{56F0B989-5873-49FE-8EAA-6CDDD6130103}.Release|Any CPU.ActiveCfg = Release|Any CPU
		{56F0B989-5873-49FE-8EAA-6CDDD6130103}.Release|Any CPU.Build.0 = Release|Any CPU
		{E57980F9-4825-4D70-9174-6D469F08AFD0}.Debug|Any CPU.ActiveCfg = Debug|Any CPU
		{E57980F9-4825-4D70-9174-6D469F08AFD0}.Debug|Any CPU.Build.0 = Debug|Any CPU
		{E57980F9-4825-4D70-9174-6D469F08AFD0}.Release|Any CPU.ActiveCfg = Release|Any CPU
		{E57980F9-4825-4D70-9174-6D469F08AFD0}.Release|Any CPU.Build.0 = Release|Any CPU
		{979523F7-9866-4400-9B51-7982C0FB1E3F}.Debug|Any CPU.ActiveCfg = Debug|Any CPU
		{979523F7-9866-4400-9B51-7982C0FB1E3F}.Debug|Any CPU.Build.0 = Debug|Any CPU
		{979523F7-9866-4400-9B51-7982C0FB1E3F}.Release|Any CPU.ActiveCfg = Release|Any CPU
		{979523F7-9866-4400-9B51-7982C0FB1E3F}.Release|Any CPU.Build.0 = Release|Any CPU
		{EE5B220D-A025-47DF-832E-B9ED44821EB5}.Debug|Any CPU.ActiveCfg = Debug|Any CPU
		{EE5B220D-A025-47DF-832E-B9ED44821EB5}.Debug|Any CPU.Build.0 = Debug|Any CPU
		{EE5B220D-A025-47DF-832E-B9ED44821EB5}.Release|Any CPU.ActiveCfg = Release|Any CPU
		{EE5B220D-A025-47DF-832E-B9ED44821EB5}.Release|Any CPU.Build.0 = Release|Any CPU
		{AE35CA91-9B6C-4CF9-86F3-030C6318E797}.Debug|Any CPU.ActiveCfg = Debug|Any CPU
		{AE35CA91-9B6C-4CF9-86F3-030C6318E797}.Debug|Any CPU.Build.0 = Debug|Any CPU
		{AE35CA91-9B6C-4CF9-86F3-030C6318E797}.Release|Any CPU.ActiveCfg = Release|Any CPU
		{AE35CA91-9B6C-4CF9-86F3-030C6318E797}.Release|Any CPU.Build.0 = Release|Any CPU
		{0A2255FC-6F39-4969-BC01-217ED92B9466}.Debug|Any CPU.ActiveCfg = Debug|Any CPU
		{0A2255FC-6F39-4969-BC01-217ED92B9466}.Debug|Any CPU.Build.0 = Debug|Any CPU
		{0A2255FC-6F39-4969-BC01-217ED92B9466}.Release|Any CPU.ActiveCfg = Release|Any CPU
		{0A2255FC-6F39-4969-BC01-217ED92B9466}.Release|Any CPU.Build.0 = Release|Any CPU
		{ABC8A4E5-A82C-4485-B457-55F615992DF7}.Debug|Any CPU.ActiveCfg = Debug|Any CPU
		{ABC8A4E5-A82C-4485-B457-55F615992DF7}.Debug|Any CPU.Build.0 = Debug|Any CPU
		{ABC8A4E5-A82C-4485-B457-55F615992DF7}.Release|Any CPU.ActiveCfg = Release|Any CPU
		{ABC8A4E5-A82C-4485-B457-55F615992DF7}.Release|Any CPU.Build.0 = Release|Any CPU
		{2AFD00B2-B19D-4F59-933D-05F61B34BD74}.Debug|Any CPU.ActiveCfg = Debug|Any CPU
		{2AFD00B2-B19D-4F59-933D-05F61B34BD74}.Debug|Any CPU.Build.0 = Debug|Any CPU
		{2AFD00B2-B19D-4F59-933D-05F61B34BD74}.Release|Any CPU.ActiveCfg = Release|Any CPU
		{2AFD00B2-B19D-4F59-933D-05F61B34BD74}.Release|Any CPU.Build.0 = Release|Any CPU
		{E08498E6-A97E-4639-BA2D-E53021622628}.Debug|Any CPU.ActiveCfg = Debug|Any CPU
		{E08498E6-A97E-4639-BA2D-E53021622628}.Debug|Any CPU.Build.0 = Debug|Any CPU
		{E08498E6-A97E-4639-BA2D-E53021622628}.Release|Any CPU.ActiveCfg = Release|Any CPU
		{E08498E6-A97E-4639-BA2D-E53021622628}.Release|Any CPU.Build.0 = Release|Any CPU
		{8A7076CE-C48A-44F6-9C09-BD49FAC159EE}.Debug|Any CPU.ActiveCfg = Debug|Any CPU
		{8A7076CE-C48A-44F6-9C09-BD49FAC159EE}.Debug|Any CPU.Build.0 = Debug|Any CPU
		{8A7076CE-C48A-44F6-9C09-BD49FAC159EE}.Release|Any CPU.ActiveCfg = Release|Any CPU
		{8A7076CE-C48A-44F6-9C09-BD49FAC159EE}.Release|Any CPU.Build.0 = Release|Any CPU
		{EC4CD4C2-2293-4C67-9C77-10A023B19433}.Debug|Any CPU.ActiveCfg = Debug|Any CPU
		{EC4CD4C2-2293-4C67-9C77-10A023B19433}.Debug|Any CPU.Build.0 = Debug|Any CPU
		{EC4CD4C2-2293-4C67-9C77-10A023B19433}.Release|Any CPU.ActiveCfg = Release|Any CPU
		{EC4CD4C2-2293-4C67-9C77-10A023B19433}.Release|Any CPU.Build.0 = Release|Any CPU
		{7363AC06-C202-4830-AB5F-A3911A7CAA47}.Debug|Any CPU.ActiveCfg = Debug|Any CPU
		{7363AC06-C202-4830-AB5F-A3911A7CAA47}.Debug|Any CPU.Build.0 = Debug|Any CPU
		{7363AC06-C202-4830-AB5F-A3911A7CAA47}.Release|Any CPU.ActiveCfg = Release|Any CPU
		{7363AC06-C202-4830-AB5F-A3911A7CAA47}.Release|Any CPU.Build.0 = Release|Any CPU
		{99344734-F858-4208-8A4B-76760DD9EC84}.Debug|Any CPU.ActiveCfg = Debug|Any CPU
		{99344734-F858-4208-8A4B-76760DD9EC84}.Debug|Any CPU.Build.0 = Debug|Any CPU
		{99344734-F858-4208-8A4B-76760DD9EC84}.Release|Any CPU.ActiveCfg = Release|Any CPU
		{99344734-F858-4208-8A4B-76760DD9EC84}.Release|Any CPU.Build.0 = Release|Any CPU
	EndGlobalSection
	GlobalSection(NestedProjects) = preSolution
		{92FC73EA-BFCA-4A02-B46A-00E8309ED2D9} = {F0FF0190-0329-4B23-9FB5-9A24AB566ECE}
		{979523F7-9866-4400-9B51-7982C0FB1E3F} = {F0FF0190-0329-4B23-9FB5-9A24AB566ECE}
		{EE5B220D-A025-47DF-832E-B9ED44821EB5} = {F0FF0190-0329-4B23-9FB5-9A24AB566ECE}
		{AE35CA91-9B6C-4CF9-86F3-030C6318E797} = {383272D1-2EDD-40FC-9FF4-9534DDC4A54D}
		{0A2255FC-6F39-4969-BC01-217ED92B9466} = {383272D1-2EDD-40FC-9FF4-9534DDC4A54D}
		{D5FC90A8-86D5-4D9A-9AE5-28D42B30FA71} = {383272D1-2EDD-40FC-9FF4-9534DDC4A54D}
		{ABC8A4E5-A82C-4485-B457-55F615992DF7} = {1B1F9A6A-DCE9-4E07-8177-79226020BA46}
		{2AFD00B2-B19D-4F59-933D-05F61B34BD74} = {1B1F9A6A-DCE9-4E07-8177-79226020BA46}
		{372757EC-917F-4801-A8BB-C7C847536FF7} = {1B1F9A6A-DCE9-4E07-8177-79226020BA46}
		{E57980F9-4825-4D70-9174-6D469F08AFD0} = {5E56212B-BCB6-4A3B-970F-B8D1B41746CF}
		{56F0B989-5873-49FE-8EAA-6CDDD6130103} = {A8A4AA1F-CB91-4435-8B63-3D5FF3C2CEBE}
		{E08498E6-A97E-4639-BA2D-E53021622628} = {5E56212B-BCB6-4A3B-970F-B8D1B41746CF}
		{8A7076CE-C48A-44F6-9C09-BD49FAC159EE} = {5E56212B-BCB6-4A3B-970F-B8D1B41746CF}
		{EC4CD4C2-2293-4C67-9C77-10A023B19433} = {A8A4AA1F-CB91-4435-8B63-3D5FF3C2CEBE}
		{7363AC06-C202-4830-AB5F-A3911A7CAA47} = {A8A4AA1F-CB91-4435-8B63-3D5FF3C2CEBE}
	EndGlobalSection
EndGlobal
