
Microsoft Visual Studio Solution File, Format Version 12.00
Project("{FAE04EC0-301F-11D3-BF4B-00C04F79EFBC}") = "AuthService", "AuthService\AuthService.csproj", "{5A8F91E1-CAC1-4DED-8E32-625DA2256767}"
EndProject
Project("{FAE04EC0-301F-11D3-BF4B-00C04F79EFBC}") = "CommentService", "CommentService\CommentService.csproj", "{D5FC90A8-86D5-4D9A-9AE5-28D42B30FA71}"
EndProject
Project("{FAE04EC0-301F-11D3-BF4B-00C04F79EFBC}") = "PostService", "PostService\PostService.csproj", "{92FC73EA-BFCA-4A02-B46A-00E8309ED2D9}"
EndProject
Project("{FAE04EC0-301F-11D3-BF4B-00C04F79EFBC}") = "LikeService", "LikeService\LikeService.csproj", "{372757EC-917F-4801-A8BB-C7C847536FF7}"
EndProject
Project("{FAE04EC0-301F-11D3-BF4B-00C04F79EFBC}") = "UserService", "UserService\UserService.csproj", "{56F0B989-5873-49FE-8EAA-6CDDD6130103}"
EndProject
Project("{FAE04EC0-301F-11D3-BF4B-00C04F79EFBC}") = "TimelineService", "TimelineService\TimelineService.csproj", "{E57980F9-4825-4D70-9174-6D469F08AFD0}"
EndProject
Project("{2150E333-8FDC-42A3-9474-1A3956D46DE8}") = "Post", "Post", "{F0FF0190-0329-4B23-9FB5-9A24AB566ECE}"
EndProject
Project("{2150E333-8FDC-42A3-9474-1A3956D46DE8}") = "Comment", "Comment", "{383272D1-2EDD-40FC-9FF4-9534DDC4A54D}"
EndProject
Project("{2150E333-8FDC-42A3-9474-1A3956D46DE8}") = "Like", "Like", "{1B1F9A6A-DCE9-4E07-8177-79226020BA46}"
EndProject
Project("{2150E333-8FDC-42A3-9474-1A3956D46DE8}") = "Timeline", "Timeline", "{5E56212B-BCB6-4A3B-970F-B8D1B41746CF}"
EndProject
Project("{2150E333-8FDC-42A3-9474-1A3956D46DE8}") = "User", "User", "{A8A4AA1F-CB91-4435-8B63-3D5FF3C2CEBE}"
EndProject
Project("{FAE04EC0-301F-11D3-BF4B-00C04F79EFBC}") = "UserApplication", "UserApplication\UserApplication.csproj", "{EC4CD4C2-2293-4C67-9C77-10A023B19433}"
EndProject
Project("{FAE04EC0-301F-11D3-BF4B-00C04F79EFBC}") = "UserInfrastructure", "UserInfrastructure\UserInfrastructure.csproj", "{7363AC06-C202-4830-AB5F-A3911A7CAA47}"
EndProject
Project("{FAE04EC0-301F-11D3-BF4B-00C04F79EFBC}") = "Domain", "Domain\Domain.csproj", "{99344734-F858-4208-8A4B-76760DD9EC84}"
EndProject
Project("{FAE04EC0-301F-11D3-BF4B-00C04F79EFBC}") = "CommentApplication", "CommentApplication\CommentApplication.csproj", "{6C9F1980-3221-4835-9368-C884C60034D5}"
EndProject
Project("{FAE04EC0-301F-11D3-BF4B-00C04F79EFBC}") = "CommentInfrastructure", "CommentInfrastructure\CommentInfrastructure.csproj", "{C0B85C3A-68FC-400A-A7B0-AC113497E771}"
EndProject
Project("{FAE04EC0-301F-11D3-BF4B-00C04F79EFBC}") = "LikeApplication", "LikeApplication\LikeApplication.csproj", "{40228424-CB62-4CD4-A3B4-32DE4859622B}"
EndProject
Project("{FAE04EC0-301F-11D3-BF4B-00C04F79EFBC}") = "LikeInfrastructure", "LikeInfrastructure\LikeInfrastructure.csproj", "{20DEEB76-5685-4BCF-A14B-B318A62337F0}"
EndProject
Project("{FAE04EC0-301F-11D3-BF4B-00C04F79EFBC}") = "PostApplication", "PostApplication\PostApplication.csproj", "{4DF8D561-A0D3-45D3-A70D-C41CBD1D70B1}"
EndProject
Project("{FAE04EC0-301F-11D3-BF4B-00C04F79EFBC}") = "PostInfrastructure", "PostInfrastructure\PostInfrastructure.csproj", "{8D0B87B5-9697-426A-B932-175F56CAC37D}"
EndProject
Project("{FAE04EC0-301F-11D3-BF4B-00C04F79EFBC}") = "TimelineApplication", "TimelineApplication\TimelineApplication.csproj", "{880D713B-4CEA-4601-9DC2-4FE7344BB449}"
EndProject
Project("{FAE04EC0-301F-11D3-BF4B-00C04F79EFBC}") = "TimelineInfrastructure", "TimelineInfrastructure\TimelineInfrastructure.csproj", "{A3B52C9F-9AAF-4CEE-8101-43EAE9F28585}"
EndProject
Global
	GlobalSection(SolutionConfigurationPlatforms) = preSolution
		Debug|Any CPU = Debug|Any CPU
		Release|Any CPU = Release|Any CPU
	EndGlobalSection
	GlobalSection(ProjectConfigurationPlatforms) = postSolution
		{5A8F91E1-CAC1-4DED-8E32-625DA2256767}.Debug|Any CPU.ActiveCfg = Debug|Any CPU
		{5A8F91E1-CAC1-4DED-8E32-625DA2256767}.Debug|Any CPU.Build.0 = Debug|Any CPU
		{5A8F91E1-CAC1-4DED-8E32-625DA2256767}.Release|Any CPU.ActiveCfg = Release|Any CPU
		{5A8F91E1-CAC1-4DED-8E32-625DA2256767}.Release|Any CPU.Build.0 = Release|Any CPU
		{D5FC90A8-86D5-4D9A-9AE5-28D42B30FA71}.Debug|Any CPU.ActiveCfg = Debug|Any CPU
		{D5FC90A8-86D5-4D9A-9AE5-28D42B30FA71}.Debug|Any CPU.Build.0 = Debug|Any CPU
		{D5FC90A8-86D5-4D9A-9AE5-28D42B30FA71}.Release|Any CPU.ActiveCfg = Release|Any CPU
		{D5FC90A8-86D5-4D9A-9AE5-28D42B30FA71}.Release|Any CPU.Build.0 = Release|Any CPU
		{92FC73EA-BFCA-4A02-B46A-00E8309ED2D9}.Debug|Any CPU.ActiveCfg = Debug|Any CPU
		{92FC73EA-BFCA-4A02-B46A-00E8309ED2D9}.Debug|Any CPU.Build.0 = Debug|Any CPU
		{92FC73EA-BFCA-4A02-B46A-00E8309ED2D9}.Release|Any CPU.ActiveCfg = Release|Any CPU
		{92FC73EA-BFCA-4A02-B46A-00E8309ED2D9}.Release|Any CPU.Build.0 = Release|Any CPU
		{372757EC-917F-4801-A8BB-C7C847536FF7}.Debug|Any CPU.ActiveCfg = Debug|Any CPU
		{372757EC-917F-4801-A8BB-C7C847536FF7}.Debug|Any CPU.Build.0 = Debug|Any CPU
		{372757EC-917F-4801-A8BB-C7C847536FF7}.Release|Any CPU.ActiveCfg = Release|Any CPU
		{372757EC-917F-4801-A8BB-C7C847536FF7}.Release|Any CPU.Build.0 = Release|Any CPU
		{56F0B989-5873-49FE-8EAA-6CDDD6130103}.Debug|Any CPU.ActiveCfg = Debug|Any CPU
		{56F0B989-5873-49FE-8EAA-6CDDD6130103}.Debug|Any CPU.Build.0 = Debug|Any CPU
		{56F0B989-5873-49FE-8EAA-6CDDD6130103}.Release|Any CPU.ActiveCfg = Release|Any CPU
		{56F0B989-5873-49FE-8EAA-6CDDD6130103}.Release|Any CPU.Build.0 = Release|Any CPU
		{E57980F9-4825-4D70-9174-6D469F08AFD0}.Debug|Any CPU.ActiveCfg = Debug|Any CPU
		{E57980F9-4825-4D70-9174-6D469F08AFD0}.Debug|Any CPU.Build.0 = Debug|Any CPU
		{E57980F9-4825-4D70-9174-6D469F08AFD0}.Release|Any CPU.ActiveCfg = Release|Any CPU
		{E57980F9-4825-4D70-9174-6D469F08AFD0}.Release|Any CPU.Build.0 = Release|Any CPU
		{EC4CD4C2-2293-4C67-9C77-10A023B19433}.Debug|Any CPU.ActiveCfg = Debug|Any CPU
		{EC4CD4C2-2293-4C67-9C77-10A023B19433}.Debug|Any CPU.Build.0 = Debug|Any CPU
		{EC4CD4C2-2293-4C67-9C77-10A023B19433}.Release|Any CPU.ActiveCfg = Release|Any CPU
		{EC4CD4C2-2293-4C67-9C77-10A023B19433}.Release|Any CPU.Build.0 = Release|Any CPU
		{7363AC06-C202-4830-AB5F-A3911A7CAA47}.Debug|Any CPU.ActiveCfg = Debug|Any CPU
		{7363AC06-C202-4830-AB5F-A3911A7CAA47}.Debug|Any CPU.Build.0 = Debug|Any CPU
		{7363AC06-C202-4830-AB5F-A3911A7CAA47}.Release|Any CPU.ActiveCfg = Release|Any CPU
		{7363AC06-C202-4830-AB5F-A3911A7CAA47}.Release|Any CPU.Build.0 = Release|Any CPU
		{99344734-F858-4208-8A4B-76760DD9EC84}.Debug|Any CPU.ActiveCfg = Debug|Any CPU
		{99344734-F858-4208-8A4B-76760DD9EC84}.Debug|Any CPU.Build.0 = Debug|Any CPU
		{99344734-F858-4208-8A4B-76760DD9EC84}.Release|Any CPU.ActiveCfg = Release|Any CPU
		{99344734-F858-4208-8A4B-76760DD9EC84}.Release|Any CPU.Build.0 = Release|Any CPU
		{6C9F1980-3221-4835-9368-C884C60034D5}.Debug|Any CPU.ActiveCfg = Debug|Any CPU
		{6C9F1980-3221-4835-9368-C884C60034D5}.Debug|Any CPU.Build.0 = Debug|Any CPU
		{6C9F1980-3221-4835-9368-C884C60034D5}.Release|Any CPU.ActiveCfg = Release|Any CPU
		{6C9F1980-3221-4835-9368-C884C60034D5}.Release|Any CPU.Build.0 = Release|Any CPU
		{C0B85C3A-68FC-400A-A7B0-AC113497E771}.Debug|Any CPU.ActiveCfg = Debug|Any CPU
		{C0B85C3A-68FC-400A-A7B0-AC113497E771}.Debug|Any CPU.Build.0 = Debug|Any CPU
		{C0B85C3A-68FC-400A-A7B0-AC113497E771}.Release|Any CPU.ActiveCfg = Release|Any CPU
		{C0B85C3A-68FC-400A-A7B0-AC113497E771}.Release|Any CPU.Build.0 = Release|Any CPU
		{40228424-CB62-4CD4-A3B4-32DE4859622B}.Debug|Any CPU.ActiveCfg = Debug|Any CPU
		{40228424-CB62-4CD4-A3B4-32DE4859622B}.Debug|Any CPU.Build.0 = Debug|Any CPU
		{40228424-CB62-4CD4-A3B4-32DE4859622B}.Release|Any CPU.ActiveCfg = Release|Any CPU
		{40228424-CB62-4CD4-A3B4-32DE4859622B}.Release|Any CPU.Build.0 = Release|Any CPU
		{20DEEB76-5685-4BCF-A14B-B318A62337F0}.Debug|Any CPU.ActiveCfg = Debug|Any CPU
		{20DEEB76-5685-4BCF-A14B-B318A62337F0}.Debug|Any CPU.Build.0 = Debug|Any CPU
		{20DEEB76-5685-4BCF-A14B-B318A62337F0}.Release|Any CPU.ActiveCfg = Release|Any CPU
		{20DEEB76-5685-4BCF-A14B-B318A62337F0}.Release|Any CPU.Build.0 = Release|Any CPU
		{4DF8D561-A0D3-45D3-A70D-C41CBD1D70B1}.Debug|Any CPU.ActiveCfg = Debug|Any CPU
		{4DF8D561-A0D3-45D3-A70D-C41CBD1D70B1}.Debug|Any CPU.Build.0 = Debug|Any CPU
		{4DF8D561-A0D3-45D3-A70D-C41CBD1D70B1}.Release|Any CPU.ActiveCfg = Release|Any CPU
		{4DF8D561-A0D3-45D3-A70D-C41CBD1D70B1}.Release|Any CPU.Build.0 = Release|Any CPU
		{8D0B87B5-9697-426A-B932-175F56CAC37D}.Debug|Any CPU.ActiveCfg = Debug|Any CPU
		{8D0B87B5-9697-426A-B932-175F56CAC37D}.Debug|Any CPU.Build.0 = Debug|Any CPU
		{8D0B87B5-9697-426A-B932-175F56CAC37D}.Release|Any CPU.ActiveCfg = Release|Any CPU
		{8D0B87B5-9697-426A-B932-175F56CAC37D}.Release|Any CPU.Build.0 = Release|Any CPU
		{880D713B-4CEA-4601-9DC2-4FE7344BB449}.Debug|Any CPU.ActiveCfg = Debug|Any CPU
		{880D713B-4CEA-4601-9DC2-4FE7344BB449}.Debug|Any CPU.Build.0 = Debug|Any CPU
		{880D713B-4CEA-4601-9DC2-4FE7344BB449}.Release|Any CPU.ActiveCfg = Release|Any CPU
		{880D713B-4CEA-4601-9DC2-4FE7344BB449}.Release|Any CPU.Build.0 = Release|Any CPU
		{A3B52C9F-9AAF-4CEE-8101-43EAE9F28585}.Debug|Any CPU.ActiveCfg = Debug|Any CPU
		{A3B52C9F-9AAF-4CEE-8101-43EAE9F28585}.Debug|Any CPU.Build.0 = Debug|Any CPU
		{A3B52C9F-9AAF-4CEE-8101-43EAE9F28585}.Release|Any CPU.ActiveCfg = Release|Any CPU
		{A3B52C9F-9AAF-4CEE-8101-43EAE9F28585}.Release|Any CPU.Build.0 = Release|Any CPU
	EndGlobalSection
	GlobalSection(NestedProjects) = preSolution
		{92FC73EA-BFCA-4A02-B46A-00E8309ED2D9} = {F0FF0190-0329-4B23-9FB5-9A24AB566ECE}
		{D5FC90A8-86D5-4D9A-9AE5-28D42B30FA71} = {383272D1-2EDD-40FC-9FF4-9534DDC4A54D}
		{372757EC-917F-4801-A8BB-C7C847536FF7} = {1B1F9A6A-DCE9-4E07-8177-79226020BA46}
		{E57980F9-4825-4D70-9174-6D469F08AFD0} = {5E56212B-BCB6-4A3B-970F-B8D1B41746CF}
		{56F0B989-5873-49FE-8EAA-6CDDD6130103} = {A8A4AA1F-CB91-4435-8B63-3D5FF3C2CEBE}
		{EC4CD4C2-2293-4C67-9C77-10A023B19433} = {A8A4AA1F-CB91-4435-8B63-3D5FF3C2CEBE}
		{7363AC06-C202-4830-AB5F-A3911A7CAA47} = {A8A4AA1F-CB91-4435-8B63-3D5FF3C2CEBE}
		{6C9F1980-3221-4835-9368-C884C60034D5} = {383272D1-2EDD-40FC-9FF4-9534DDC4A54D}
		{C0B85C3A-68FC-400A-A7B0-AC113497E771} = {383272D1-2EDD-40FC-9FF4-9534DDC4A54D}
		{40228424-CB62-4CD4-A3B4-32DE4859622B} = {1B1F9A6A-DCE9-4E07-8177-79226020BA46}
		{20DEEB76-5685-4BCF-A14B-B318A62337F0} = {1B1F9A6A-DCE9-4E07-8177-79226020BA46}
		{4DF8D561-A0D3-45D3-A70D-C41CBD1D70B1} = {F0FF0190-0329-4B23-9FB5-9A24AB566ECE}
		{8D0B87B5-9697-426A-B932-175F56CAC37D} = {F0FF0190-0329-4B23-9FB5-9A24AB566ECE}
		{880D713B-4CEA-4601-9DC2-4FE7344BB449} = {5E56212B-BCB6-4A3B-970F-B8D1B41746CF}
		{A3B52C9F-9AAF-4CEE-8101-43EAE9F28585} = {5E56212B-BCB6-4A3B-970F-B8D1B41746CF}
	EndGlobalSection
EndGlobal
